
Microsoft Visual Studio Solution File, Format Version 12.00
# Visual Studio 15
VisualStudioVersion = 15.0.26228.9
MinimumVisualStudioVersion = 10.0.40219.1
Project("{FAE04EC0-301F-11D3-BF4B-00C04F79EFBC}") = "Cubing", "Cubing\Cubing.csproj", "{B793CB8B-E15E-464D-BB3E-65B8F4E7FBF9}"
EndProject
Project("{FAE04EC0-301F-11D3-BF4B-00C04F79EFBC}") = "ZbllDemo", "ZbllDemo\ZbllDemo.csproj", "{06EFD1D9-B498-4156-9272-5BC07AA0A88B}"
EndProject
Project("{FAE04EC0-301F-11D3-BF4B-00C04F79EFBC}") = "CubingTests", "CubingTests\CubingTests.csproj", "{D1E3BF62-503E-48F4-987C-A83E58612057}"
EndProject
Global
	GlobalSection(SolutionConfigurationPlatforms) = preSolution
		Debug|Any CPU = Debug|Any CPU
		Debug|ARM = Debug|ARM
		Debug|x64 = Debug|x64
		Debug|x86 = Debug|x86
		Release|Any CPU = Release|Any CPU
		Release|ARM = Release|ARM
		Release|x64 = Release|x64
		Release|x86 = Release|x86
	EndGlobalSection
	GlobalSection(ProjectConfigurationPlatforms) = postSolution
		{B793CB8B-E15E-464D-BB3E-65B8F4E7FBF9}.Debug|Any CPU.ActiveCfg = Debug|Any CPU
		{B793CB8B-E15E-464D-BB3E-65B8F4E7FBF9}.Debug|Any CPU.Build.0 = Debug|Any CPU
		{B793CB8B-E15E-464D-BB3E-65B8F4E7FBF9}.Debug|ARM.ActiveCfg = Debug|Any CPU
		{B793CB8B-E15E-464D-BB3E-65B8F4E7FBF9}.Debug|ARM.Build.0 = Debug|Any CPU
		{B793CB8B-E15E-464D-BB3E-65B8F4E7FBF9}.Debug|x64.ActiveCfg = Debug|Any CPU
		{B793CB8B-E15E-464D-BB3E-65B8F4E7FBF9}.Debug|x64.Build.0 = Debug|Any CPU
		{B793CB8B-E15E-464D-BB3E-65B8F4E7FBF9}.Debug|x86.ActiveCfg = Debug|Any CPU
		{B793CB8B-E15E-464D-BB3E-65B8F4E7FBF9}.Debug|x86.Build.0 = Debug|Any CPU
		{B793CB8B-E15E-464D-BB3E-65B8F4E7FBF9}.Release|Any CPU.ActiveCfg = Release|Any CPU
		{B793CB8B-E15E-464D-BB3E-65B8F4E7FBF9}.Release|Any CPU.Build.0 = Release|Any CPU
		{B793CB8B-E15E-464D-BB3E-65B8F4E7FBF9}.Release|ARM.ActiveCfg = Release|Any CPU
		{B793CB8B-E15E-464D-BB3E-65B8F4E7FBF9}.Release|ARM.Build.0 = Release|Any CPU
		{B793CB8B-E15E-464D-BB3E-65B8F4E7FBF9}.Release|x64.ActiveCfg = Release|Any CPU
		{B793CB8B-E15E-464D-BB3E-65B8F4E7FBF9}.Release|x64.Build.0 = Release|Any CPU
		{B793CB8B-E15E-464D-BB3E-65B8F4E7FBF9}.Release|x86.ActiveCfg = Release|Any CPU
		{B793CB8B-E15E-464D-BB3E-65B8F4E7FBF9}.Release|x86.Build.0 = Release|Any CPU
		{06EFD1D9-B498-4156-9272-5BC07AA0A88B}.Debug|Any CPU.ActiveCfg = Debug|Any CPU
		{06EFD1D9-B498-4156-9272-5BC07AA0A88B}.Debug|Any CPU.Build.0 = Debug|Any CPU
		{06EFD1D9-B498-4156-9272-5BC07AA0A88B}.Debug|ARM.ActiveCfg = Debug|Any CPU
		{06EFD1D9-B498-4156-9272-5BC07AA0A88B}.Debug|ARM.Build.0 = Debug|Any CPU
		{06EFD1D9-B498-4156-9272-5BC07AA0A88B}.Debug|x64.ActiveCfg = Debug|Any CPU
		{06EFD1D9-B498-4156-9272-5BC07AA0A88B}.Debug|x64.Build.0 = Debug|Any CPU
		{06EFD1D9-B498-4156-9272-5BC07AA0A88B}.Debug|x86.ActiveCfg = Debug|Any CPU
		{06EFD1D9-B498-4156-9272-5BC07AA0A88B}.Debug|x86.Build.0 = Debug|Any CPU
		{06EFD1D9-B498-4156-9272-5BC07AA0A88B}.Release|Any CPU.ActiveCfg = Release|Any CPU
		{06EFD1D9-B498-4156-9272-5BC07AA0A88B}.Release|Any CPU.Build.0 = Release|Any CPU
		{06EFD1D9-B498-4156-9272-5BC07AA0A88B}.Release|ARM.ActiveCfg = Release|Any CPU
		{06EFD1D9-B498-4156-9272-5BC07AA0A88B}.Release|ARM.Build.0 = Release|Any CPU
		{06EFD1D9-B498-4156-9272-5BC07AA0A88B}.Release|x64.ActiveCfg = Release|Any CPU
		{06EFD1D9-B498-4156-9272-5BC07AA0A88B}.Release|x64.Build.0 = Release|Any CPU
		{06EFD1D9-B498-4156-9272-5BC07AA0A88B}.Release|x86.ActiveCfg = Release|Any CPU
		{06EFD1D9-B498-4156-9272-5BC07AA0A88B}.Release|x86.Build.0 = Release|Any CPU
		{D1E3BF62-503E-48F4-987C-A83E58612057}.Debug|Any CPU.ActiveCfg = Debug|Any CPU
		{D1E3BF62-503E-48F4-987C-A83E58612057}.Debug|Any CPU.Build.0 = Debug|Any CPU
		{D1E3BF62-503E-48F4-987C-A83E58612057}.Debug|ARM.ActiveCfg = Debug|Any CPU
		{D1E3BF62-503E-48F4-987C-A83E58612057}.Debug|ARM.Build.0 = Debug|Any CPU
		{D1E3BF62-503E-48F4-987C-A83E58612057}.Debug|x64.ActiveCfg = Debug|Any CPU
		{D1E3BF62-503E-48F4-987C-A83E58612057}.Debug|x64.Build.0 = Debug|Any CPU
		{D1E3BF62-503E-48F4-987C-A83E58612057}.Debug|x86.ActiveCfg = Debug|Any CPU
		{D1E3BF62-503E-48F4-987C-A83E58612057}.Debug|x86.Build.0 = Debug|Any CPU
		{D1E3BF62-503E-48F4-987C-A83E58612057}.Release|Any CPU.ActiveCfg = Release|Any CPU
		{D1E3BF62-503E-48F4-987C-A83E58612057}.Release|Any CPU.Build.0 = Release|Any CPU
		{D1E3BF62-503E-48F4-987C-A83E58612057}.Release|ARM.ActiveCfg = Release|Any CPU
		{D1E3BF62-503E-48F4-987C-A83E58612057}.Release|ARM.Build.0 = Release|Any CPU
		{D1E3BF62-503E-48F4-987C-A83E58612057}.Release|x64.ActiveCfg = Release|Any CPU
		{D1E3BF62-503E-48F4-987C-A83E58612057}.Release|x64.Build.0 = Release|Any CPU
		{D1E3BF62-503E-48F4-987C-A83E58612057}.Release|x86.ActiveCfg = Release|Any CPU
		{D1E3BF62-503E-48F4-987C-A83E58612057}.Release|x86.Build.0 = Release|Any CPU
	EndGlobalSection
	GlobalSection(SolutionProperties) = preSolution
		HideSolutionNode = FALSE
	EndGlobalSection
EndGlobal
